
Microsoft Visual Studio Solution File, Format Version 12.00
# Visual Studio Version 17
VisualStudioVersion = 17.7.34202.233
MinimumVisualStudioVersion = 10.0.40219.1
Project("{FAE04EC0-301F-11D3-BF4B-00C04F79EFBC}") = "ForrealSever", "ContactsSever\ForrealSever.csproj", "{2DAABF47-7C1C-4799-AE27-05EB40D9F5F7}"
EndProject
Project("{FAE04EC0-301F-11D3-BF4B-00C04F79EFBC}") = "ForrealServerBL", "ForrealServerBL\ForrealServerBL.csproj", "{DC2E3FC6-C54C-4FF5-96FF-1A226CBD6851}"
EndProject
Global
	GlobalSection(SolutionConfigurationPlatforms) = preSolution
		Debug|Any CPU = Debug|Any CPU
		Release|Any CPU = Release|Any CPU
	EndGlobalSection
	GlobalSection(ProjectConfigurationPlatforms) = postSolution
		{2DAABF47-7C1C-4799-AE27-05EB40D9F5F7}.Debug|Any CPU.ActiveCfg = Debug|Any CPU
		{2DAABF47-7C1C-4799-AE27-05EB40D9F5F7}.Debug|Any CPU.Build.0 = Debug|Any CPU
		{2DAABF47-7C1C-4799-AE27-05EB40D9F5F7}.Release|Any CPU.ActiveCfg = Release|Any CPU
		{2DAABF47-7C1C-4799-AE27-05EB40D9F5F7}.Release|Any CPU.Build.0 = Release|Any CPU
		{DC2E3FC6-C54C-4FF5-96FF-1A226CBD6851}.Debug|Any CPU.ActiveCfg = Debug|Any CPU
		{DC2E3FC6-C54C-4FF5-96FF-1A226CBD6851}.Debug|Any CPU.Build.0 = Debug|Any CPU
		{DC2E3FC6-C54C-4FF5-96FF-1A226CBD6851}.Release|Any CPU.ActiveCfg = Release|Any CPU
		{DC2E3FC6-C54C-4FF5-96FF-1A226CBD6851}.Release|Any CPU.Build.0 = Release|Any CPU
	EndGlobalSection
	GlobalSection(SolutionProperties) = preSolution
		HideSolutionNode = FALSE
	EndGlobalSection
	GlobalSection(ExtensibilityGlobals) = postSolution
		SolutionGuid = {715B81FE-E5CE-4362-B162-9592E9692D72}
	EndGlobalSection
EndGlobal
